
Microsoft Visual Studio Solution File, Format Version 12.00
# Visual Studio Version 16
VisualStudioVersion = 16.0.31112.23
MinimumVisualStudioVersion = 10.0.40219.1
Project("{FAE04EC0-301F-11D3-BF4B-00C04F79EFBC}") = "PhoneBook", "PhoneBook.csproj", "{49B70C30-2C10-41B8-B177-711716ABF17A}"
EndProject
Global
	GlobalSection(SolutionConfigurationPlatforms) = preSolution
		Debug|Any CPU = Debug|Any CPU
		Release|Any CPU = Release|Any CPU
	EndGlobalSection
	GlobalSection(ProjectConfigurationPlatforms) = postSolution
		{49B70C30-2C10-41B8-B177-711716ABF17A}.Debug|Any CPU.ActiveCfg = Debug|Any CPU
		{49B70C30-2C10-41B8-B177-711716ABF17A}.Debug|Any CPU.Build.0 = Debug|Any CPU
		{49B70C30-2C10-41B8-B177-711716ABF17A}.Release|Any CPU.ActiveCfg = Release|Any CPU
		{49B70C30-2C10-41B8-B177-711716ABF17A}.Release|Any CPU.Build.0 = Release|Any CPU
	EndGlobalSection
	GlobalSection(SolutionProperties) = preSolution
		HideSolutionNode = FALSE
	EndGlobalSection
	GlobalSection(ExtensibilityGlobals) = postSolution
		SolutionGuid = {5B872657-4F22-45D2-9141-78A910DC0A0D}
	EndGlobalSection
EndGlobal
